<?xml version="1.0" encoding="UTF-8"?>
<!DOCTYPE plist PUBLIC "-//Apple//DTD PLIST 1.0//EN" "http://www.apple.com/DTDs/PropertyList-1.0.dtd">
<plist version="1.0">
<dict>
	<key>archiveVersion</key>
	<string>1</string>
	<key>classes</key>
	<dict/>
	<key>objectVersion</key>
	<string>46</string>
	<key>objects</key>
	<dict>
		<key>116AAB7FAF2041CA82B9C9F9</key>
		<dict>
			<key>fileRef</key>
			<string>18F0641069C04E289FAFB73A</string>
			<key>isa</key>
			<string>PBXBuildFile</string>
		</dict>
		<key>18F0641069C04E289FAFB73A</key>
		<dict>
			<key>explicitFileType</key>
			<string>archive.ar</string>
			<key>includeInIndex</key>
			<string>0</string>
			<key>isa</key>
			<string>PBXFileReference</string>
			<key>path</key>
			<string>libPods.a</string>
			<key>sourceTree</key>
			<string>BUILT_PRODUCTS_DIR</string>
		</dict>
		<key>22248C8A17DF29D300C7E97E</key>
		<dict>
			<key>children</key>
			<array>
				<string>22248C9C17DF29D300C7E97E</string>
				<string>2262DD3F17DF325C0022D5CA</string>
				<string>22248CC117DF29D300C7E97E</string>
				<string>22248C9517DF29D300C7E97E</string>
				<string>22248C9417DF29D300C7E97E</string>
				<string>4A88648447DB43B7991FE671</string>
			</array>
			<key>isa</key>
			<string>PBXGroup</string>
			<key>sourceTree</key>
			<string>&lt;group&gt;</string>
		</dict>
		<key>22248C8B17DF29D300C7E97E</key>
		<dict>
			<key>attributes</key>
			<dict>
				<key>CLASSPREFIX</key>
				<string>DP</string>
				<key>LastUpgradeCheck</key>
				<string>0500</string>
				<key>ORGANIZATIONNAME</key>
				<string>Renzo Pretto</string>
				<key>TargetAttributes</key>
				<dict>
					<key>22248CB917DF29D300C7E97E</key>
					<dict>
						<key>TestTargetID</key>
						<string>22248C9217DF29D300C7E97E</string>
					</dict>
				</dict>
			</dict>
			<key>buildConfigurationList</key>
			<string>22248C8E17DF29D300C7E97E</string>
			<key>compatibilityVersion</key>
			<string>Xcode 3.2</string>
			<key>developmentRegion</key>
			<string>English</string>
			<key>hasScannedForEncodings</key>
			<string>0</string>
			<key>isa</key>
			<string>PBXProject</string>
			<key>knownRegions</key>
			<array>
				<string>en</string>
				<string>Base</string>
			</array>
			<key>mainGroup</key>
			<string>22248C8A17DF29D300C7E97E</string>
			<key>productRefGroup</key>
			<string>22248C9417DF29D300C7E97E</string>
			<key>projectDirPath</key>
			<string></string>
			<key>projectReferences</key>
			<array/>
			<key>projectRoot</key>
			<string></string>
			<key>targets</key>
			<array>
				<string>22248C9217DF29D300C7E97E</string>
				<string>22248CB917DF29D300C7E97E</string>
			</array>
		</dict>
		<key>22248C8E17DF29D300C7E97E</key>
		<dict>
			<key>buildConfigurations</key>
			<array>
				<string>22248CC917DF29D300C7E97E</string>
				<string>22248CCA17DF29D300C7E97E</string>
			</array>
			<key>defaultConfigurationIsVisible</key>
			<string>0</string>
			<key>defaultConfigurationName</key>
			<string>Release</string>
			<key>isa</key>
			<string>XCConfigurationList</string>
		</dict>
		<key>22248C8F17DF29D300C7E97E</key>
		<dict>
			<key>buildActionMask</key>
			<string>2147483647</string>
			<key>files</key>
			<array>
				<string>225C58C617E1EB93008B9756</string>
				<string>2262DD3E17DF2BA60022D5CA</string>
				<string>FDA8085117ED7D9900C906BD</string>
				<string>FDB2306A17E96473007A77D6</string>
				<string>FDA8085A17EDA2C700C906BD</string>
				<string>FDA8085717ED817D00C906BD</string>
				<string>226B1EC317DF71BD00CF717D</string>
				<string>FDC0117217EB981F002B8B41</string>
				<string>22B77EC217E22D20001262D6</string>
				<string>FD42794E17E97770000127D0</string>
				<string>FDA8085417ED7EF200C906BD</string>
				<string>22248CB017DF29D300C7E97E</string>
				<string>22248CA717DF29D300C7E97E</string>
				<string>22E6007E17E0DCE8009D493F</string>
				<string>FDC0116F17EB94DE002B8B41</string>
				<string>22248CA317DF29D300C7E97E</string>
				<string>FD04D99617E6D72D00563710</string>
			</array>
			<key>isa</key>
			<string>PBXSourcesBuildPhase</string>
			<key>runOnlyForDeploymentPostprocessing</key>
			<string>0</string>
		</dict>
		<key>22248C9017DF29D300C7E97E</key>
		<dict>
			<key>buildActionMask</key>
			<string>2147483647</string>
			<key>files</key>
			<array>
				<string>22248C9917DF29D300C7E97E</string>
				<string>22248C9B17DF29D300C7E97E</string>
				<string>22248C9717DF29D300C7E97E</string>
				<string>116AAB7FAF2041CA82B9C9F9</string>
			</array>
			<key>isa</key>
			<string>PBXFrameworksBuildPhase</string>
			<key>runOnlyForDeploymentPostprocessing</key>
			<string>0</string>
		</dict>
		<key>22248C9117DF29D300C7E97E</key>
		<dict>
			<key>buildActionMask</key>
			<string>2147483647</string>
			<key>files</key>
			<array>
				<string>22248CB517DF29D300C7E97E</string>
				<string>22248CAA17DF29D300C7E97E</string>
				<string>22248CA117DF29D300C7E97E</string>
			</array>
			<key>isa</key>
			<string>PBXResourcesBuildPhase</string>
			<key>runOnlyForDeploymentPostprocessing</key>
			<string>0</string>
		</dict>
		<key>22248C9217DF29D300C7E97E</key>
		<dict>
			<key>buildConfigurationList</key>
			<string>22248CCB17DF29D300C7E97E</string>
			<key>buildPhases</key>
			<array>
				<string>3A41889DD8F14A19A5C97816</string>
				<string>22248C8F17DF29D300C7E97E</string>
				<string>22248C9017DF29D300C7E97E</string>
				<string>22248C9117DF29D300C7E97E</string>
				<string>A803F790E302480098809B85</string>
			</array>
			<key>buildRules</key>
			<array/>
			<key>dependencies</key>
			<array/>
			<key>isa</key>
			<string>PBXNativeTarget</string>
			<key>name</key>
			<string>DynamicsPlayground</string>
			<key>productName</key>
			<string>DynamicsPlayground</string>
			<key>productReference</key>
			<string>22248C9317DF29D300C7E97E</string>
			<key>productType</key>
			<string>com.apple.product-type.application</string>
		</dict>
		<key>22248C9317DF29D300C7E97E</key>
		<dict>
			<key>explicitFileType</key>
			<string>wrapper.application</string>
			<key>includeInIndex</key>
			<string>0</string>
			<key>isa</key>
			<string>PBXFileReference</string>
			<key>path</key>
			<string>DynamicsPlayground.app</string>
			<key>sourceTree</key>
			<string>BUILT_PRODUCTS_DIR</string>
		</dict>
		<key>22248C9417DF29D300C7E97E</key>
		<dict>
			<key>children</key>
			<array>
				<string>22248C9317DF29D300C7E97E</string>
				<string>22248CBA17DF29D300C7E97E</string>
			</array>
			<key>isa</key>
			<string>PBXGroup</string>
			<key>name</key>
			<string>Products</string>
			<key>sourceTree</key>
			<string>&lt;group&gt;</string>
		</dict>
		<key>22248C9517DF29D300C7E97E</key>
		<dict>
			<key>children</key>
			<array>
				<string>22248C9617DF29D300C7E97E</string>
				<string>22248C9817DF29D300C7E97E</string>
				<string>22248C9A17DF29D300C7E97E</string>
				<string>22248CBB17DF29D300C7E97E</string>
				<string>18F0641069C04E289FAFB73A</string>
			</array>
			<key>isa</key>
			<string>PBXGroup</string>
			<key>name</key>
			<string>Frameworks</string>
			<key>sourceTree</key>
			<string>&lt;group&gt;</string>
		</dict>
		<key>22248C9617DF29D300C7E97E</key>
		<dict>
			<key>isa</key>
			<string>PBXFileReference</string>
			<key>lastKnownFileType</key>
			<string>wrapper.framework</string>
			<key>name</key>
			<string>Foundation.framework</string>
			<key>path</key>
			<string>System/Library/Frameworks/Foundation.framework</string>
			<key>sourceTree</key>
			<string>SDKROOT</string>
		</dict>
		<key>22248C9717DF29D300C7E97E</key>
		<dict>
			<key>fileRef</key>
			<string>22248C9617DF29D300C7E97E</string>
			<key>isa</key>
			<string>PBXBuildFile</string>
		</dict>
		<key>22248C9817DF29D300C7E97E</key>
		<dict>
			<key>isa</key>
			<string>PBXFileReference</string>
			<key>lastKnownFileType</key>
			<string>wrapper.framework</string>
			<key>name</key>
			<string>CoreGraphics.framework</string>
			<key>path</key>
			<string>System/Library/Frameworks/CoreGraphics.framework</string>
			<key>sourceTree</key>
			<string>SDKROOT</string>
		</dict>
		<key>22248C9917DF29D300C7E97E</key>
		<dict>
			<key>fileRef</key>
			<string>22248C9817DF29D300C7E97E</string>
			<key>isa</key>
			<string>PBXBuildFile</string>
		</dict>
		<key>22248C9A17DF29D300C7E97E</key>
		<dict>
			<key>isa</key>
			<string>PBXFileReference</string>
			<key>lastKnownFileType</key>
			<string>wrapper.framework</string>
			<key>name</key>
			<string>UIKit.framework</string>
			<key>path</key>
			<string>System/Library/Frameworks/UIKit.framework</string>
			<key>sourceTree</key>
			<string>SDKROOT</string>
		</dict>
		<key>22248C9B17DF29D300C7E97E</key>
		<dict>
			<key>fileRef</key>
			<string>22248C9A17DF29D300C7E97E</string>
			<key>isa</key>
			<string>PBXBuildFile</string>
		</dict>
		<key>22248C9C17DF29D300C7E97E</key>
		<dict>
			<key>children</key>
			<array>
				<string>226B1EC017DF71A100CF717D</string>
				<string>2262DD3B17DF2B8B0022D5CA</string>
				<string>22248CA517DF29D300C7E97E</string>
				<string>22248CA617DF29D300C7E97E</string>
				<string>22248CAE17DF29D300C7E97E</string>
				<string>22248CAF17DF29D300C7E97E</string>
				<string>22248C9D17DF29D300C7E97E</string>
			</array>
			<key>isa</key>
			<string>PBXGroup</string>
			<key>path</key>
			<string>DynamicsPlayground</string>
			<key>sourceTree</key>
			<string>&lt;group&gt;</string>
		</dict>
		<key>22248C9D17DF29D300C7E97E</key>
		<dict>
			<key>children</key>
			<array>
				<string>22248C9E17DF29D300C7E97E</string>
				<string>22248C9F17DF29D300C7E97E</string>
				<string>22248CA217DF29D300C7E97E</string>
				<string>22248CA417DF29D300C7E97E</string>
			</array>
			<key>isa</key>
			<string>PBXGroup</string>
			<key>name</key>
			<string>Supporting Files</string>
			<key>sourceTree</key>
			<string>&lt;group&gt;</string>
		</dict>
		<key>22248C9E17DF29D300C7E97E</key>
		<dict>
			<key>isa</key>
			<string>PBXFileReference</string>
			<key>lastKnownFileType</key>
			<string>text.plist.xml</string>
			<key>path</key>
			<string>DynamicsPlayground-Info.plist</string>
			<key>sourceTree</key>
			<string>&lt;group&gt;</string>
		</dict>
		<key>22248C9F17DF29D300C7E97E</key>
		<dict>
			<key>children</key>
			<array>
				<string>22248CA017DF29D300C7E97E</string>
			</array>
			<key>isa</key>
			<string>PBXVariantGroup</string>
			<key>name</key>
			<string>InfoPlist.strings</string>
			<key>sourceTree</key>
			<string>&lt;group&gt;</string>
		</dict>
		<key>22248CA017DF29D300C7E97E</key>
		<dict>
			<key>isa</key>
			<string>PBXFileReference</string>
			<key>lastKnownFileType</key>
			<string>text.plist.strings</string>
			<key>name</key>
			<string>en</string>
			<key>path</key>
			<string>en.lproj/InfoPlist.strings</string>
			<key>sourceTree</key>
			<string>&lt;group&gt;</string>
		</dict>
		<key>22248CA117DF29D300C7E97E</key>
		<dict>
			<key>fileRef</key>
			<string>22248C9F17DF29D300C7E97E</string>
			<key>isa</key>
			<string>PBXBuildFile</string>
		</dict>
		<key>22248CA217DF29D300C7E97E</key>
		<dict>
			<key>isa</key>
			<string>PBXFileReference</string>
			<key>lastKnownFileType</key>
			<string>sourcecode.c.objc</string>
			<key>path</key>
			<string>main.m</string>
			<key>sourceTree</key>
			<string>&lt;group&gt;</string>
		</dict>
		<key>22248CA317DF29D300C7E97E</key>
		<dict>
			<key>fileRef</key>
			<string>22248CA217DF29D300C7E97E</string>
			<key>isa</key>
			<string>PBXBuildFile</string>
		</dict>
		<key>22248CA417DF29D300C7E97E</key>
		<dict>
			<key>isa</key>
			<string>PBXFileReference</string>
			<key>lastKnownFileType</key>
			<string>sourcecode.c.h</string>
			<key>path</key>
			<string>DynamicsPlayground-Prefix.pch</string>
			<key>sourceTree</key>
			<string>&lt;group&gt;</string>
		</dict>
		<key>22248CA517DF29D300C7E97E</key>
		<dict>
			<key>isa</key>
			<string>PBXFileReference</string>
			<key>lastKnownFileType</key>
			<string>sourcecode.c.h</string>
			<key>path</key>
			<string>DPAppDelegate.h</string>
			<key>sourceTree</key>
			<string>&lt;group&gt;</string>
		</dict>
		<key>22248CA617DF29D300C7E97E</key>
		<dict>
			<key>isa</key>
			<string>PBXFileReference</string>
			<key>lastKnownFileType</key>
			<string>sourcecode.c.objc</string>
			<key>path</key>
			<string>DPAppDelegate.m</string>
			<key>sourceTree</key>
			<string>&lt;group&gt;</string>
		</dict>
		<key>22248CA717DF29D300C7E97E</key>
		<dict>
			<key>fileRef</key>
			<string>22248CA617DF29D300C7E97E</string>
			<key>isa</key>
			<string>PBXBuildFile</string>
		</dict>
		<key>22248CA817DF29D300C7E97E</key>
		<dict>
			<key>children</key>
			<array>
				<string>22248CA917DF29D300C7E97E</string>
			</array>
			<key>isa</key>
			<string>PBXVariantGroup</string>
			<key>name</key>
			<string>Main_iPhone.storyboard</string>
			<key>sourceTree</key>
			<string>&lt;group&gt;</string>
		</dict>
		<key>22248CA917DF29D300C7E97E</key>
		<dict>
			<key>isa</key>
			<string>PBXFileReference</string>
			<key>lastKnownFileType</key>
			<string>file.storyboard</string>
			<key>name</key>
			<string>Base</string>
			<key>path</key>
			<string>Base.lproj/Main_iPhone.storyboard</string>
			<key>sourceTree</key>
			<string>&lt;group&gt;</string>
		</dict>
		<key>22248CAA17DF29D300C7E97E</key>
		<dict>
			<key>fileRef</key>
			<string>22248CA817DF29D300C7E97E</string>
			<key>isa</key>
			<string>PBXBuildFile</string>
		</dict>
		<key>22248CAE17DF29D300C7E97E</key>
		<dict>
			<key>isa</key>
			<string>PBXFileReference</string>
			<key>lastKnownFileType</key>
			<string>sourcecode.c.h</string>
			<key>path</key>
			<string>DPMasterViewController.h</string>
			<key>sourceTree</key>
			<string>&lt;group&gt;</string>
		</dict>
		<key>22248CAF17DF29D300C7E97E</key>
		<dict>
			<key>isa</key>
			<string>PBXFileReference</string>
			<key>lastKnownFileType</key>
			<string>sourcecode.c.objc</string>
			<key>path</key>
			<string>DPMasterViewController.m</string>
			<key>sourceTree</key>
			<string>&lt;group&gt;</string>
		</dict>
		<key>22248CB017DF29D300C7E97E</key>
		<dict>
			<key>fileRef</key>
			<string>22248CAF17DF29D300C7E97E</string>
			<key>isa</key>
			<string>PBXBuildFile</string>
		</dict>
		<key>22248CB417DF29D300C7E97E</key>
		<dict>
			<key>isa</key>
			<string>PBXFileReference</string>
			<key>lastKnownFileType</key>
			<string>folder.assetcatalog</string>
			<key>path</key>
			<string>Images.xcassets</string>
			<key>sourceTree</key>
			<string>&lt;group&gt;</string>
		</dict>
		<key>22248CB517DF29D300C7E97E</key>
		<dict>
			<key>fileRef</key>
			<string>22248CB417DF29D300C7E97E</string>
			<key>isa</key>
			<string>PBXBuildFile</string>
		</dict>
		<key>22248CB617DF29D300C7E97E</key>
		<dict>
			<key>buildActionMask</key>
			<string>2147483647</string>
			<key>files</key>
			<array>
				<string>22248CC817DF29D300C7E97E</string>
			</array>
			<key>isa</key>
			<string>PBXSourcesBuildPhase</string>
			<key>runOnlyForDeploymentPostprocessing</key>
			<string>0</string>
		</dict>
		<key>22248CB717DF29D300C7E97E</key>
		<dict>
			<key>buildActionMask</key>
			<string>2147483647</string>
			<key>files</key>
			<array>
				<string>22248CBC17DF29D300C7E97E</string>
				<string>22248CBE17DF29D300C7E97E</string>
				<string>22248CBD17DF29D300C7E97E</string>
			</array>
			<key>isa</key>
			<string>PBXFrameworksBuildPhase</string>
			<key>runOnlyForDeploymentPostprocessing</key>
			<string>0</string>
		</dict>
		<key>22248CB817DF29D300C7E97E</key>
		<dict>
			<key>buildActionMask</key>
			<string>2147483647</string>
			<key>files</key>
			<array>
				<string>22248CC617DF29D300C7E97E</string>
			</array>
			<key>isa</key>
			<string>PBXResourcesBuildPhase</string>
			<key>runOnlyForDeploymentPostprocessing</key>
			<string>0</string>
		</dict>
		<key>22248CB917DF29D300C7E97E</key>
		<dict>
			<key>buildConfigurationList</key>
			<string>22248CCE17DF29D300C7E97E</string>
			<key>buildPhases</key>
			<array>
				<string>22248CB617DF29D300C7E97E</string>
				<string>22248CB717DF29D300C7E97E</string>
				<string>22248CB817DF29D300C7E97E</string>
			</array>
			<key>buildRules</key>
			<array/>
			<key>dependencies</key>
			<array>
				<string>22248CC017DF29D300C7E97E</string>
			</array>
			<key>isa</key>
			<string>PBXNativeTarget</string>
			<key>name</key>
			<string>DynamicsPlaygroundTests</string>
			<key>productName</key>
			<string>DynamicsPlaygroundTests</string>
			<key>productReference</key>
			<string>22248CBA17DF29D300C7E97E</string>
			<key>productType</key>
			<string>com.apple.product-type.bundle.unit-test</string>
		</dict>
		<key>22248CBA17DF29D300C7E97E</key>
		<dict>
			<key>explicitFileType</key>
			<string>wrapper.cfbundle</string>
			<key>includeInIndex</key>
			<string>0</string>
			<key>isa</key>
			<string>PBXFileReference</string>
			<key>path</key>
			<string>DynamicsPlaygroundTests.xctest</string>
			<key>sourceTree</key>
			<string>BUILT_PRODUCTS_DIR</string>
		</dict>
		<key>22248CBB17DF29D300C7E97E</key>
		<dict>
			<key>isa</key>
			<string>PBXFileReference</string>
			<key>lastKnownFileType</key>
			<string>wrapper.framework</string>
			<key>name</key>
			<string>XCTest.framework</string>
			<key>path</key>
			<string>Library/Frameworks/XCTest.framework</string>
			<key>sourceTree</key>
			<string>DEVELOPER_DIR</string>
		</dict>
		<key>22248CBC17DF29D300C7E97E</key>
		<dict>
			<key>fileRef</key>
			<string>22248CBB17DF29D300C7E97E</string>
			<key>isa</key>
			<string>PBXBuildFile</string>
		</dict>
		<key>22248CBD17DF29D300C7E97E</key>
		<dict>
			<key>fileRef</key>
			<string>22248C9617DF29D300C7E97E</string>
			<key>isa</key>
			<string>PBXBuildFile</string>
		</dict>
		<key>22248CBE17DF29D300C7E97E</key>
		<dict>
			<key>fileRef</key>
			<string>22248C9A17DF29D300C7E97E</string>
			<key>isa</key>
			<string>PBXBuildFile</string>
		</dict>
		<key>22248CBF17DF29D300C7E97E</key>
		<dict>
			<key>containerPortal</key>
			<string>22248C8B17DF29D300C7E97E</string>
			<key>isa</key>
			<string>PBXContainerItemProxy</string>
			<key>proxyType</key>
			<string>1</string>
			<key>remoteGlobalIDString</key>
			<string>22248C9217DF29D300C7E97E</string>
			<key>remoteInfo</key>
			<string>DynamicsPlayground</string>
		</dict>
		<key>22248CC017DF29D300C7E97E</key>
		<dict>
			<key>isa</key>
			<string>PBXTargetDependency</string>
			<key>target</key>
			<string>22248C9217DF29D300C7E97E</string>
			<key>targetProxy</key>
			<string>22248CBF17DF29D300C7E97E</string>
		</dict>
		<key>22248CC117DF29D300C7E97E</key>
		<dict>
			<key>children</key>
			<array>
				<string>22248CC717DF29D300C7E97E</string>
				<string>22248CC217DF29D300C7E97E</string>
			</array>
			<key>isa</key>
			<string>PBXGroup</string>
			<key>path</key>
			<string>DynamicsPlaygroundTests</string>
			<key>sourceTree</key>
			<string>&lt;group&gt;</string>
		</dict>
		<key>22248CC217DF29D300C7E97E</key>
		<dict>
			<key>children</key>
			<array>
				<string>22248CC317DF29D300C7E97E</string>
				<string>22248CC417DF29D300C7E97E</string>
			</array>
			<key>isa</key>
			<string>PBXGroup</string>
			<key>name</key>
			<string>Supporting Files</string>
			<key>sourceTree</key>
			<string>&lt;group&gt;</string>
		</dict>
		<key>22248CC317DF29D300C7E97E</key>
		<dict>
			<key>isa</key>
			<string>PBXFileReference</string>
			<key>lastKnownFileType</key>
			<string>text.plist.xml</string>
			<key>path</key>
			<string>DynamicsPlaygroundTests-Info.plist</string>
			<key>sourceTree</key>
			<string>&lt;group&gt;</string>
		</dict>
		<key>22248CC417DF29D300C7E97E</key>
		<dict>
			<key>children</key>
			<array>
				<string>22248CC517DF29D300C7E97E</string>
			</array>
			<key>isa</key>
			<string>PBXVariantGroup</string>
			<key>name</key>
			<string>InfoPlist.strings</string>
			<key>sourceTree</key>
			<string>&lt;group&gt;</string>
		</dict>
		<key>22248CC517DF29D300C7E97E</key>
		<dict>
			<key>isa</key>
			<string>PBXFileReference</string>
			<key>lastKnownFileType</key>
			<string>text.plist.strings</string>
			<key>name</key>
			<string>en</string>
			<key>path</key>
			<string>en.lproj/InfoPlist.strings</string>
			<key>sourceTree</key>
			<string>&lt;group&gt;</string>
		</dict>
		<key>22248CC617DF29D300C7E97E</key>
		<dict>
			<key>fileRef</key>
			<string>22248CC417DF29D300C7E97E</string>
			<key>isa</key>
			<string>PBXBuildFile</string>
		</dict>
		<key>22248CC717DF29D300C7E97E</key>
		<dict>
			<key>isa</key>
			<string>PBXFileReference</string>
			<key>lastKnownFileType</key>
			<string>sourcecode.c.objc</string>
			<key>path</key>
			<string>DynamicsPlaygroundTests.m</string>
			<key>sourceTree</key>
			<string>&lt;group&gt;</string>
		</dict>
		<key>22248CC817DF29D300C7E97E</key>
		<dict>
			<key>fileRef</key>
			<string>22248CC717DF29D300C7E97E</string>
			<key>isa</key>
			<string>PBXBuildFile</string>
		</dict>
		<key>22248CC917DF29D300C7E97E</key>
		<dict>
			<key>buildSettings</key>
			<dict>
				<key>ALWAYS_SEARCH_USER_PATHS</key>
				<string>NO</string>
				<key>CLANG_CXX_LANGUAGE_STANDARD</key>
				<string>gnu++0x</string>
				<key>CLANG_CXX_LIBRARY</key>
				<string>libc++</string>
				<key>CLANG_ENABLE_MODULES</key>
				<string>YES</string>
				<key>CLANG_ENABLE_OBJC_ARC</key>
				<string>YES</string>
				<key>CLANG_WARN_BOOL_CONVERSION</key>
				<string>YES</string>
				<key>CLANG_WARN_CONSTANT_CONVERSION</key>
				<string>YES</string>
				<key>CLANG_WARN_DIRECT_OBJC_ISA_USAGE</key>
				<string>YES_ERROR</string>
				<key>CLANG_WARN_EMPTY_BODY</key>
				<string>YES</string>
				<key>CLANG_WARN_ENUM_CONVERSION</key>
				<string>YES</string>
				<key>CLANG_WARN_INT_CONVERSION</key>
				<string>YES</string>
				<key>CLANG_WARN_OBJC_ROOT_CLASS</key>
				<string>YES_ERROR</string>
				<key>CLANG_WARN__DUPLICATE_METHOD_MATCH</key>
				<string>YES</string>
				<key>CODE_SIGN_IDENTITY[sdk=iphoneos*]</key>
				<string>iPhone Developer</string>
				<key>COPY_PHASE_STRIP</key>
				<string>NO</string>
				<key>GCC_C_LANGUAGE_STANDARD</key>
				<string>gnu99</string>
				<key>GCC_DYNAMIC_NO_PIC</key>
				<string>NO</string>
				<key>GCC_OPTIMIZATION_LEVEL</key>
				<string>0</string>
				<key>GCC_PREPROCESSOR_DEFINITIONS</key>
				<array>
					<string>DEBUG=1</string>
					<string>$(inherited)</string>
				</array>
				<key>GCC_SYMBOLS_PRIVATE_EXTERN</key>
				<string>NO</string>
				<key>GCC_WARN_ABOUT_RETURN_TYPE</key>
				<string>YES_ERROR</string>
				<key>GCC_WARN_UNDECLARED_SELECTOR</key>
				<string>YES</string>
				<key>GCC_WARN_UNINITIALIZED_AUTOS</key>
				<string>YES</string>
				<key>GCC_WARN_UNUSED_FUNCTION</key>
				<string>YES</string>
				<key>GCC_WARN_UNUSED_VARIABLE</key>
				<string>YES</string>
				<key>IPHONEOS_DEPLOYMENT_TARGET</key>
				<string>7.0</string>
				<key>ONLY_ACTIVE_ARCH</key>
				<string>YES</string>
				<key>SDKROOT</key>
				<string>iphoneos</string>
				<key>TARGETED_DEVICE_FAMILY</key>
				<string>1,2</string>
			</dict>
			<key>isa</key>
			<string>XCBuildConfiguration</string>
			<key>name</key>
			<string>Debug</string>
		</dict>
		<key>22248CCA17DF29D300C7E97E</key>
		<dict>
			<key>buildSettings</key>
			<dict>
				<key>ALWAYS_SEARCH_USER_PATHS</key>
				<string>NO</string>
				<key>CLANG_CXX_LANGUAGE_STANDARD</key>
				<string>gnu++0x</string>
				<key>CLANG_CXX_LIBRARY</key>
				<string>libc++</string>
				<key>CLANG_ENABLE_MODULES</key>
				<string>YES</string>
				<key>CLANG_ENABLE_OBJC_ARC</key>
				<string>YES</string>
				<key>CLANG_WARN_BOOL_CONVERSION</key>
				<string>YES</string>
				<key>CLANG_WARN_CONSTANT_CONVERSION</key>
				<string>YES</string>
				<key>CLANG_WARN_DIRECT_OBJC_ISA_USAGE</key>
				<string>YES_ERROR</string>
				<key>CLANG_WARN_EMPTY_BODY</key>
				<string>YES</string>
				<key>CLANG_WARN_ENUM_CONVERSION</key>
				<string>YES</string>
				<key>CLANG_WARN_INT_CONVERSION</key>
				<string>YES</string>
				<key>CLANG_WARN_OBJC_ROOT_CLASS</key>
				<string>YES_ERROR</string>
				<key>CLANG_WARN__DUPLICATE_METHOD_MATCH</key>
				<string>YES</string>
				<key>CODE_SIGN_IDENTITY[sdk=iphoneos*]</key>
				<string>iPhone Developer</string>
				<key>COPY_PHASE_STRIP</key>
				<string>YES</string>
				<key>ENABLE_NS_ASSERTIONS</key>
				<string>NO</string>
				<key>GCC_C_LANGUAGE_STANDARD</key>
				<string>gnu99</string>
				<key>GCC_WARN_ABOUT_RETURN_TYPE</key>
				<string>YES_ERROR</string>
				<key>GCC_WARN_UNDECLARED_SELECTOR</key>
				<string>YES</string>
				<key>GCC_WARN_UNINITIALIZED_AUTOS</key>
				<string>YES</string>
				<key>GCC_WARN_UNUSED_FUNCTION</key>
				<string>YES</string>
				<key>GCC_WARN_UNUSED_VARIABLE</key>
				<string>YES</string>
				<key>IPHONEOS_DEPLOYMENT_TARGET</key>
				<string>7.0</string>
				<key>SDKROOT</key>
				<string>iphoneos</string>
				<key>TARGETED_DEVICE_FAMILY</key>
				<string>1,2</string>
				<key>VALIDATE_PRODUCT</key>
				<string>YES</string>
			</dict>
			<key>isa</key>
			<string>XCBuildConfiguration</string>
			<key>name</key>
			<string>Release</string>
		</dict>
		<key>22248CCB17DF29D300C7E97E</key>
		<dict>
			<key>buildConfigurations</key>
			<array>
				<string>22248CCC17DF29D300C7E97E</string>
				<string>22248CCD17DF29D300C7E97E</string>
			</array>
			<key>defaultConfigurationIsVisible</key>
			<string>0</string>
			<key>defaultConfigurationName</key>
			<string>Release</string>
			<key>isa</key>
			<string>XCConfigurationList</string>
		</dict>
		<key>22248CCC17DF29D300C7E97E</key>
		<dict>
			<key>baseConfigurationReference</key>
			<string>4A88648447DB43B7991FE671</string>
			<key>buildSettings</key>
			<dict>
				<key>ASSETCATALOG_COMPILER_APPICON_NAME</key>
				<string>AppIcon</string>
				<key>ASSETCATALOG_COMPILER_LAUNCHIMAGE_NAME</key>
				<string>LaunchImage</string>
				<key>GCC_PRECOMPILE_PREFIX_HEADER</key>
				<string>YES</string>
				<key>GCC_PREFIX_HEADER</key>
				<string>DynamicsPlayground/DynamicsPlayground-Prefix.pch</string>
				<key>INFOPLIST_FILE</key>
				<string>DynamicsPlayground/DynamicsPlayground-Info.plist</string>
				<key>PRODUCT_NAME</key>
				<string>$(TARGET_NAME)</string>
				<key>TARGETED_DEVICE_FAMILY</key>
				<string>1</string>
				<key>WRAPPER_EXTENSION</key>
				<string>app</string>
			</dict>
			<key>isa</key>
			<string>XCBuildConfiguration</string>
			<key>name</key>
			<string>Debug</string>
		</dict>
		<key>22248CCD17DF29D300C7E97E</key>
		<dict>
			<key>baseConfigurationReference</key>
			<string>4A88648447DB43B7991FE671</string>
			<key>buildSettings</key>
			<dict>
				<key>ASSETCATALOG_COMPILER_APPICON_NAME</key>
				<string>AppIcon</string>
				<key>ASSETCATALOG_COMPILER_LAUNCHIMAGE_NAME</key>
				<string>LaunchImage</string>
				<key>GCC_PRECOMPILE_PREFIX_HEADER</key>
				<string>YES</string>
				<key>GCC_PREFIX_HEADER</key>
				<string>DynamicsPlayground/DynamicsPlayground-Prefix.pch</string>
				<key>INFOPLIST_FILE</key>
				<string>DynamicsPlayground/DynamicsPlayground-Info.plist</string>
				<key>PRODUCT_NAME</key>
				<string>$(TARGET_NAME)</string>
				<key>TARGETED_DEVICE_FAMILY</key>
				<string>1</string>
				<key>WRAPPER_EXTENSION</key>
				<string>app</string>
			</dict>
			<key>isa</key>
			<string>XCBuildConfiguration</string>
			<key>name</key>
			<string>Release</string>
		</dict>
		<key>22248CCE17DF29D300C7E97E</key>
		<dict>
			<key>buildConfigurations</key>
			<array>
				<string>22248CCF17DF29D300C7E97E</string>
				<string>22248CD017DF29D300C7E97E</string>
			</array>
			<key>defaultConfigurationIsVisible</key>
			<string>0</string>
			<key>defaultConfigurationName</key>
			<string>Release</string>
			<key>isa</key>
			<string>XCConfigurationList</string>
		</dict>
		<key>22248CCF17DF29D300C7E97E</key>
		<dict>
			<key>buildSettings</key>
			<dict>
				<key>BUNDLE_LOADER</key>
				<string>$(BUILT_PRODUCTS_DIR)/DynamicsPlayground.app/DynamicsPlayground</string>
				<key>FRAMEWORK_SEARCH_PATHS</key>
				<array>
					<string>$(SDKROOT)/Developer/Library/Frameworks</string>
					<string>$(inherited)</string>
					<string>$(DEVELOPER_FRAMEWORKS_DIR)</string>
				</array>
				<key>GCC_PRECOMPILE_PREFIX_HEADER</key>
				<string>YES</string>
				<key>GCC_PREFIX_HEADER</key>
				<string>DynamicsPlayground/DynamicsPlayground-Prefix.pch</string>
				<key>GCC_PREPROCESSOR_DEFINITIONS</key>
				<array>
					<string>DEBUG=1</string>
					<string>$(inherited)</string>
				</array>
				<key>INFOPLIST_FILE</key>
				<string>DynamicsPlaygroundTests/DynamicsPlaygroundTests-Info.plist</string>
				<key>PRODUCT_NAME</key>
				<string>$(TARGET_NAME)</string>
				<key>TEST_HOST</key>
				<string>$(BUNDLE_LOADER)</string>
				<key>WRAPPER_EXTENSION</key>
				<string>xctest</string>
			</dict>
			<key>isa</key>
			<string>XCBuildConfiguration</string>
			<key>name</key>
			<string>Debug</string>
		</dict>
		<key>22248CD017DF29D300C7E97E</key>
		<dict>
			<key>buildSettings</key>
			<dict>
				<key>BUNDLE_LOADER</key>
				<string>$(BUILT_PRODUCTS_DIR)/DynamicsPlayground.app/DynamicsPlayground</string>
				<key>FRAMEWORK_SEARCH_PATHS</key>
				<array>
					<string>$(SDKROOT)/Developer/Library/Frameworks</string>
					<string>$(inherited)</string>
					<string>$(DEVELOPER_FRAMEWORKS_DIR)</string>
				</array>
				<key>GCC_PRECOMPILE_PREFIX_HEADER</key>
				<string>YES</string>
				<key>GCC_PREFIX_HEADER</key>
				<string>DynamicsPlayground/DynamicsPlayground-Prefix.pch</string>
				<key>INFOPLIST_FILE</key>
				<string>DynamicsPlaygroundTests/DynamicsPlaygroundTests-Info.plist</string>
				<key>PRODUCT_NAME</key>
				<string>$(TARGET_NAME)</string>
				<key>TEST_HOST</key>
				<string>$(BUNDLE_LOADER)</string>
				<key>WRAPPER_EXTENSION</key>
				<string>xctest</string>
			</dict>
			<key>isa</key>
			<string>XCBuildConfiguration</string>
			<key>name</key>
			<string>Release</string>
		</dict>
		<key>225C58C417E1EB93008B9756</key>
		<dict>
			<key>fileEncoding</key>
			<string>4</string>
			<key>isa</key>
			<string>PBXFileReference</string>
			<key>lastKnownFileType</key>
			<string>sourcecode.c.h</string>
			<key>path</key>
			<string>DPGravityCollisionBehavior.h</string>
			<key>sourceTree</key>
			<string>&lt;group&gt;</string>
		</dict>
		<key>225C58C517E1EB93008B9756</key>
		<dict>
			<key>fileEncoding</key>
			<string>4</string>
			<key>isa</key>
			<string>PBXFileReference</string>
			<key>lastKnownFileType</key>
			<string>sourcecode.c.objc</string>
			<key>path</key>
			<string>DPGravityCollisionBehavior.m</string>
			<key>sourceTree</key>
			<string>&lt;group&gt;</string>
		</dict>
		<key>225C58C617E1EB93008B9756</key>
		<dict>
			<key>fileRef</key>
			<string>225C58C517E1EB93008B9756</string>
			<key>isa</key>
			<string>PBXBuildFile</string>
		</dict>
		<key>2262DD3B17DF2B8B0022D5CA</key>
		<dict>
			<key>children</key>
			<array>
				<string>FDB2306617E9643A007A77D6</string>
				<string>FDB2306517E96420007A77D6</string>
				<string>FDB2306417E96400007A77D6</string>
				<string>FDB2306717E9644B007A77D6</string>
				<string>FD42794B17E9774F000127D0</string>
				<string>FDA8084E17ED7CD800C906BD</string>
			</array>
			<key>isa</key>
			<string>PBXGroup</string>
			<key>name</key>
			<string>Beahviors controllers</string>
			<key>sourceTree</key>
			<string>&lt;group&gt;</string>
		</dict>
		<key>2262DD3C17DF2BA60022D5CA</key>
		<dict>
			<key>fileEncoding</key>
			<string>4</string>
			<key>isa</key>
			<string>PBXFileReference</string>
			<key>lastKnownFileType</key>
			<string>sourcecode.c.h</string>
			<key>path</key>
			<string>DPGravityViewController.h</string>
			<key>sourceTree</key>
			<string>&lt;group&gt;</string>
		</dict>
		<key>2262DD3D17DF2BA60022D5CA</key>
		<dict>
			<key>fileEncoding</key>
			<string>4</string>
			<key>isa</key>
			<string>PBXFileReference</string>
			<key>lastKnownFileType</key>
			<string>sourcecode.c.objc</string>
			<key>path</key>
			<string>DPGravityViewController.m</string>
			<key>sourceTree</key>
			<string>&lt;group&gt;</string>
		</dict>
		<key>2262DD3E17DF2BA60022D5CA</key>
		<dict>
			<key>fileRef</key>
			<string>2262DD3D17DF2BA60022D5CA</string>
			<key>isa</key>
			<string>PBXBuildFile</string>
		</dict>
		<key>2262DD3F17DF325C0022D5CA</key>
		<dict>
			<key>children</key>
			<array>
				<string>22248CA817DF29D300C7E97E</string>
				<string>22248CB417DF29D300C7E97E</string>
			</array>
			<key>isa</key>
			<string>PBXGroup</string>
			<key>name</key>
			<string>Resources</string>
			<key>path</key>
			<string>DynamicsPlayground</string>
			<key>sourceTree</key>
			<string>&lt;group&gt;</string>
		</dict>
		<key>226B1EC017DF71A100CF717D</key>
		<dict>
			<key>children</key>
			<array>
				<string>226B1EC117DF71BD00CF717D</string>
				<string>226B1EC217DF71BD00CF717D</string>
			</array>
			<key>isa</key>
			<string>PBXGroup</string>
			<key>name</key>
			<string>Utility view</string>
			<key>sourceTree</key>
			<string>&lt;group&gt;</string>
		</dict>
		<key>226B1EC117DF71BD00CF717D</key>
		<dict>
			<key>fileEncoding</key>
			<string>4</string>
			<key>isa</key>
			<string>PBXFileReference</string>
			<key>lastKnownFileType</key>
			<string>sourcecode.c.h</string>
			<key>path</key>
			<string>DPAnimatorStatusView.h</string>
			<key>sourceTree</key>
			<string>&lt;group&gt;</string>
		</dict>
		<key>226B1EC217DF71BD00CF717D</key>
		<dict>
			<key>fileEncoding</key>
			<string>4</string>
			<key>isa</key>
			<string>PBXFileReference</string>
			<key>lastKnownFileType</key>
			<string>sourcecode.c.objc</string>
			<key>path</key>
			<string>DPAnimatorStatusView.m</string>
			<key>sourceTree</key>
			<string>&lt;group&gt;</string>
		</dict>
		<key>226B1EC317DF71BD00CF717D</key>
		<dict>
			<key>fileRef</key>
			<string>226B1EC217DF71BD00CF717D</string>
			<key>isa</key>
			<string>PBXBuildFile</string>
		</dict>
		<key>22B77EBF17E21FF6001262D6</key>
		<dict>
			<key>fileEncoding</key>
			<string>4</string>
			<key>isa</key>
			<string>PBXFileReference</string>
			<key>lastKnownFileType</key>
			<string>sourcecode.c.h</string>
			<key>path</key>
			<string>DPAttachmentViewController.h</string>
			<key>sourceTree</key>
			<string>&lt;group&gt;</string>
		</dict>
		<key>22B77EC017E21FF6001262D6</key>
		<dict>
			<key>fileEncoding</key>
			<string>4</string>
			<key>isa</key>
			<string>PBXFileReference</string>
			<key>lastKnownFileType</key>
			<string>sourcecode.c.objc</string>
			<key>path</key>
			<string>DPAttachmentViewController.m</string>
			<key>sourceTree</key>
			<string>&lt;group&gt;</string>
		</dict>
		<key>22B77EC217E22D20001262D6</key>
		<dict>
			<key>fileRef</key>
			<string>22B77EC017E21FF6001262D6</string>
			<key>isa</key>
			<string>PBXBuildFile</string>
		</dict>
		<key>22E6007C17E0DCE8009D493F</key>
		<dict>
			<key>fileEncoding</key>
			<string>4</string>
			<key>isa</key>
			<string>PBXFileReference</string>
			<key>lastKnownFileType</key>
			<string>sourcecode.c.h</string>
			<key>path</key>
			<string>DPGravityCollisionViewController.h</string>
			<key>sourceTree</key>
			<string>&lt;group&gt;</string>
		</dict>
		<key>22E6007D17E0DCE8009D493F</key>
		<dict>
			<key>fileEncoding</key>
			<string>4</string>
			<key>isa</key>
			<string>PBXFileReference</string>
			<key>lastKnownFileType</key>
			<string>sourcecode.c.objc</string>
			<key>path</key>
			<string>DPGravityCollisionViewController.m</string>
			<key>sourceTree</key>
			<string>&lt;group&gt;</string>
		</dict>
		<key>22E6007E17E0DCE8009D493F</key>
		<dict>
			<key>fileRef</key>
			<string>22E6007D17E0DCE8009D493F</string>
			<key>isa</key>
			<string>PBXBuildFile</string>
		</dict>
		<key>3A41889DD8F14A19A5C97816</key>
		<dict>
			<key>buildActionMask</key>
			<string>2147483647</string>
			<key>files</key>
			<array/>
			<key>inputPaths</key>
			<array/>
			<key>isa</key>
			<string>PBXShellScriptBuildPhase</string>
			<key>name</key>
			<string>Check Pods Manifest.lock</string>
			<key>outputPaths</key>
			<array/>
			<key>runOnlyForDeploymentPostprocessing</key>
			<string>0</string>
			<key>shellPath</key>
			<string>/bin/sh</string>
			<key>shellScript</key>
			<string>diff "${PODS_ROOT}/../Podfile.lock" "${PODS_ROOT}/Manifest.lock" &gt; /dev/null
if [[ $? != 0 ]] ; then
    cat &lt;&lt; EOM
error: The sandbox is not in sync with the Podfile.lock. Run 'pod install' or update your CocoaPods installation.
EOM
    exit 1
fi
</string>
			<key>showEnvVarsInLog</key>
			<string>0</string>
		</dict>
		<key>4A88648447DB43B7991FE671</key>
		<dict>
			<key>includeInIndex</key>
			<string>1</string>
			<key>isa</key>
			<string>PBXFileReference</string>
			<key>lastKnownFileType</key>
			<string>text.xcconfig</string>
			<key>name</key>
			<string>Pods.xcconfig</string>
			<key>path</key>
			<string>Pods/Pods.xcconfig</string>
			<key>sourceTree</key>
			<string>&lt;group&gt;</string>
		</dict>
		<key>A803F790E302480098809B85</key>
		<dict>
			<key>buildActionMask</key>
			<string>2147483647</string>
			<key>files</key>
			<array/>
			<key>inputPaths</key>
			<array/>
			<key>isa</key>
			<string>PBXShellScriptBuildPhase</string>
			<key>name</key>
			<string>Copy Pods Resources</string>
			<key>outputPaths</key>
			<array/>
			<key>runOnlyForDeploymentPostprocessing</key>
			<string>0</string>
			<key>shellPath</key>
			<string>/bin/sh</string>
			<key>shellScript</key>
			<string>"${SRCROOT}/Pods/Pods-resources.sh"
</string>
			<key>showEnvVarsInLog</key>
			<string>0</string>
		</dict>
		<key>FD04D99417E6D72D00563710</key>
		<dict>
			<key>fileEncoding</key>
			<string>4</string>
			<key>isa</key>
			<string>PBXFileReference</string>
			<key>lastKnownFileType</key>
			<string>sourcecode.c.h</string>
			<key>path</key>
			<string>DPAttachmentOffsetViewController.h</string>
			<key>sourceTree</key>
			<string>&lt;group&gt;</string>
		</dict>
		<key>FD04D99517E6D72D00563710</key>
		<dict>
			<key>fileEncoding</key>
			<string>4</string>
			<key>isa</key>
			<string>PBXFileReference</string>
			<key>lastKnownFileType</key>
			<string>sourcecode.c.objc</string>
			<key>path</key>
			<string>DPAttachmentOffsetViewController.m</string>
			<key>sourceTree</key>
			<string>&lt;group&gt;</string>
		</dict>
		<key>FD04D99617E6D72D00563710</key>
		<dict>
			<key>fileRef</key>
			<string>FD04D99517E6D72D00563710</string>
			<key>isa</key>
			<string>PBXBuildFile</string>
		</dict>
		<key>FD42794B17E9774F000127D0</key>
		<dict>
			<key>children</key>
			<array>
				<string>FDC0116D17EB94DE002B8B41</string>
				<string>FDC0116E17EB94DE002B8B41</string>
				<string>FD42794C17E97770000127D0</string>
				<string>FD42794D17E97770000127D0</string>
			</array>
			<key>isa</key>
			<string>PBXGroup</string>
			<key>name</key>
			<string>Push Behavior</string>
			<key>sourceTree</key>
			<string>&lt;group&gt;</string>
		</dict>
		<key>FD42794C17E97770000127D0</key>
		<dict>
			<key>fileEncoding</key>
			<string>4</string>
			<key>isa</key>
			<string>PBXFileReference</string>
			<key>lastKnownFileType</key>
			<string>sourcecode.c.h</string>
			<key>path</key>
			<string>DPPushComparisonViewController.h</string>
			<key>sourceTree</key>
			<string>&lt;group&gt;</string>
		</dict>
		<key>FD42794D17E97770000127D0</key>
		<dict>
			<key>fileEncoding</key>
			<string>4</string>
			<key>isa</key>
			<string>PBXFileReference</string>
			<key>lastKnownFileType</key>
			<string>sourcecode.c.objc</string>
			<key>path</key>
			<string>DPPushComparisonViewController.m</string>
			<key>sourceTree</key>
			<string>&lt;group&gt;</string>
		</dict>
		<key>FD42794E17E97770000127D0</key>
		<dict>
			<key>fileRef</key>
			<string>FD42794D17E97770000127D0</string>
			<key>isa</key>
			<string>PBXBuildFile</string>
		</dict>
		<key>FDA8084E17ED7CD800C906BD</key>
		<dict>
			<key>children</key>
			<array>
				<string>FDA8085B17EDA2D100C906BD</string>
				<string>FDA8084F17ED7D9900C906BD</string>
				<string>FDA8085017ED7D9900C906BD</string>
				<string>FDA8085217ED7EF200C906BD</string>
				<string>FDA8085317ED7EF200C906BD</string>
			</array>
			<key>isa</key>
			<string>PBXGroup</string>
			<key>name</key>
			<string>Collection view</string>
			<key>sourceTree</key>
			<string>&lt;group&gt;</string>
		</dict>
		<key>FDA8084F17ED7D9900C906BD</key>
		<dict>
			<key>fileEncoding</key>
			<string>4</string>
			<key>isa</key>
			<string>PBXFileReference</string>
			<key>lastKnownFileType</key>
			<string>sourcecode.c.h</string>
			<key>path</key>
			<string>DPDynamicCollectionViewViewController.h</string>
			<key>sourceTree</key>
			<string>&lt;group&gt;</string>
		</dict>
		<key>FDA8085017ED7D9900C906BD</key>
		<dict>
			<key>fileEncoding</key>
			<string>4</string>
			<key>isa</key>
			<string>PBXFileReference</string>
			<key>lastKnownFileType</key>
			<string>sourcecode.c.objc</string>
			<key>path</key>
			<string>DPDynamicCollectionViewViewController.m</string>
			<key>sourceTree</key>
			<string>&lt;group&gt;</string>
		</dict>
		<key>FDA8085117ED7D9900C906BD</key>
		<dict>
			<key>fileRef</key>
			<string>FDA8085017ED7D9900C906BD</string>
			<key>isa</key>
			<string>PBXBuildFile</string>
		</dict>
		<key>FDA8085217ED7EF200C906BD</key>
		<dict>
			<key>fileEncoding</key>
			<string>4</string>
			<key>isa</key>
			<string>PBXFileReference</string>
			<key>lastKnownFileType</key>
			<string>sourcecode.c.h</string>
			<key>path</key>
			<string>DPCollectionViewCell.h</string>
			<key>sourceTree</key>
			<string>&lt;group&gt;</string>
		</dict>
		<key>FDA8085317ED7EF200C906BD</key>
		<dict>
			<key>fileEncoding</key>
			<string>4</string>
			<key>isa</key>
			<string>PBXFileReference</string>
			<key>lastKnownFileType</key>
			<string>sourcecode.c.objc</string>
			<key>path</key>
			<string>DPCollectionViewCell.m</string>
			<key>sourceTree</key>
			<string>&lt;group&gt;</string>
		</dict>
		<key>FDA8085417ED7EF200C906BD</key>
		<dict>
			<key>fileRef</key>
			<string>FDA8085317ED7EF200C906BD</string>
			<key>isa</key>
			<string>PBXBuildFile</string>
		</dict>
		<key>FDA8085517ED817D00C906BD</key>
		<dict>
			<key>fileEncoding</key>
			<string>4</string>
			<key>isa</key>
			<string>PBXFileReference</string>
			<key>lastKnownFileType</key>
			<string>sourcecode.c.h</string>
			<key>path</key>
			<string>DPFixedSpringFlowLayout.h</string>
			<key>sourceTree</key>
			<string>&lt;group&gt;</string>
		</dict>
		<key>FDA8085617ED817D00C906BD</key>
		<dict>
			<key>fileEncoding</key>
			<string>4</string>
			<key>isa</key>
			<string>PBXFileReference</string>
			<key>lastKnownFileType</key>
			<string>sourcecode.c.objc</string>
			<key>path</key>
			<string>DPFixedSpringFlowLayout.m</string>
			<key>sourceTree</key>
			<string>&lt;group&gt;</string>
		</dict>
		<key>FDA8085717ED817D00C906BD</key>
		<dict>
			<key>fileRef</key>
			<string>FDA8085617ED817D00C906BD</string>
			<key>isa</key>
			<string>PBXBuildFile</string>
		</dict>
		<key>FDA8085817EDA2C700C906BD</key>
		<dict>
			<key>fileEncoding</key>
			<string>4</string>
			<key>isa</key>
			<string>PBXFileReference</string>
			<key>lastKnownFileType</key>
			<string>sourcecode.c.h</string>
			<key>path</key>
			<string>DPProportionalSpringFlowLayout.h</string>
			<key>sourceTree</key>
			<string>&lt;group&gt;</string>
		</dict>
		<key>FDA8085917EDA2C700C906BD</key>
		<dict>
			<key>fileEncoding</key>
			<string>4</string>
			<key>isa</key>
			<string>PBXFileReference</string>
			<key>lastKnownFileType</key>
			<string>sourcecode.c.objc</string>
			<key>path</key>
			<string>DPProportionalSpringFlowLayout.m</string>
			<key>sourceTree</key>
			<string>&lt;group&gt;</string>
		</dict>
		<key>FDA8085A17EDA2C700C906BD</key>
		<dict>
			<key>fileRef</key>
			<string>FDA8085917EDA2C700C906BD</string>
			<key>isa</key>
			<string>PBXBuildFile</string>
		</dict>
		<key>FDA8085B17EDA2D100C906BD</key>
		<dict>
			<key>children</key>
			<array>
				<string>FDA8085817EDA2C700C906BD</string>
				<string>FDA8085917EDA2C700C906BD</string>
				<string>FDA8085517ED817D00C906BD</string>
				<string>FDA8085617ED817D00C906BD</string>
			</array>
			<key>isa</key>
			<string>PBXGroup</string>
			<key>name</key>
			<string>Custom Layout</string>
			<key>sourceTree</key>
			<string>&lt;group&gt;</string>
		</dict>
		<key>FDB2306417E96400007A77D6</key>
		<dict>
			<key>children</key>
			<array>
				<string>FD04D99417E6D72D00563710</string>
				<string>FD04D99517E6D72D00563710</string>
				<string>22B77EBF17E21FF6001262D6</string>
				<string>22B77EC017E21FF6001262D6</string>
			</array>
			<key>isa</key>
			<string>PBXGroup</string>
			<key>name</key>
			<string>Attachment</string>
			<key>sourceTree</key>
			<string>&lt;group&gt;</string>
		</dict>
		<key>FDB2306517E96420007A77D6</key>
		<dict>
			<key>children</key>
			<array>
				<string>225C58C417E1EB93008B9756</string>
				<string>225C58C517E1EB93008B9756</string>
				<string>22E6007C17E0DCE8009D493F</string>
				<string>22E6007D17E0DCE8009D493F</string>
			</array>
			<key>isa</key>
			<string>PBXGroup</string>
			<key>name</key>
			<string>Collision</string>
			<key>sourceTree</key>
			<string>&lt;group&gt;</string>
		</dict>
		<key>FDB2306617E9643A007A77D6</key>
		<dict>
			<key>children</key>
			<array>
				<string>FDC0117017EB981F002B8B41</string>
				<string>FDC0117117EB981F002B8B41</string>
				<string>2262DD3C17DF2BA60022D5CA</string>
				<string>2262DD3D17DF2BA60022D5CA</string>
			</array>
			<key>isa</key>
			<string>PBXGroup</string>
			<key>name</key>
			<string>Gravity</string>
			<key>sourceTree</key>
			<string>&lt;group&gt;</string>
		</dict>
		<key>FDB2306717E9644B007A77D6</key>
		<dict>
			<key>children</key>
			<array>
				<string>FDB2306817E96473007A77D6</string>
				<string>FDB2306917E96473007A77D6</string>
			</array>
			<key>isa</key>
			<string>PBXGroup</string>
			<key>name</key>
			<string>Snap</string>
			<key>sourceTree</key>
			<string>&lt;group&gt;</string>
		</dict>
		<key>FDB2306817E96473007A77D6</key>
		<dict>
			<key>fileEncoding</key>
			<string>4</string>
			<key>isa</key>
			<string>PBXFileReference</string>
			<key>lastKnownFileType</key>
			<string>sourcecode.c.h</string>
			<key>path</key>
			<string>DPSnapViewController.h</string>
			<key>sourceTree</key>
			<string>&lt;group&gt;</string>
		</dict>
		<key>FDB2306917E96473007A77D6</key>
		<dict>
			<key>fileEncoding</key>
			<string>4</string>
			<key>isa</key>
			<string>PBXFileReference</string>
			<key>lastKnownFileType</key>
			<string>sourcecode.c.objc</string>
			<key>path</key>
			<string>DPSnapViewController.m</string>
			<key>sourceTree</key>
			<string>&lt;group&gt;</string>
		</dict>
		<key>FDB2306A17E96473007A77D6</key>
		<dict>
			<key>fileRef</key>
			<string>FDB2306917E96473007A77D6</string>
			<key>isa</key>
			<string>PBXBuildFile</string>
		</dict>
		<key>FDC0116D17EB94DE002B8B41</key>
		<dict>
			<key>fileEncoding</key>
			<string>4</string>
			<key>isa</key>
			<string>PBXFileReference</string>
			<key>lastKnownFileType</key>
			<string>sourcecode.c.h</string>
			<key>path</key>
			<string>DPPushViewController.h</string>
			<key>sourceTree</key>
			<string>&lt;group&gt;</string>
		</dict>
		<key>FDC0116E17EB94DE002B8B41</key>
		<dict>
			<key>fileEncoding</key>
			<string>4</string>
			<key>isa</key>
			<string>PBXFileReference</string>
			<key>lastKnownFileType</key>
			<string>sourcecode.c.objc</string>
			<key>path</key>
			<string>DPPushViewController.m</string>
			<key>sourceTree</key>
			<string>&lt;group&gt;</string>
		</dict>
		<key>FDC0116F17EB94DE002B8B41</key>
		<dict>
			<key>fileRef</key>
			<string>FDC0116E17EB94DE002B8B41</string>
			<key>isa</key>
			<string>PBXBuildFile</string>
		</dict>
		<key>FDC0117017EB981F002B8B41</key>
		<dict>
			<key>fileEncoding</key>
			<string>4</string>
			<key>isa</key>
			<string>PBXFileReference</string>
			<key>lastKnownFileType</key>
			<string>sourcecode.c.h</string>
			<key>path</key>
			<string>DPGravityComparisonViewController.h</string>
			<key>sourceTree</key>
			<string>&lt;group&gt;</string>
		</dict>
		<key>FDC0117117EB981F002B8B41</key>
		<dict>
			<key>fileEncoding</key>
			<string>4</string>
			<key>isa</key>
			<string>PBXFileReference</string>
			<key>lastKnownFileType</key>
			<string>sourcecode.c.objc</string>
			<key>path</key>
			<string>DPGravityComparisonViewController.m</string>
			<key>sourceTree</key>
			<string>&lt;group&gt;</string>
		</dict>
		<key>FDC0117217EB981F002B8B41</key>
		<dict>
			<key>fileRef</key>
			<string>FDC0117117EB981F002B8B41</string>
			<key>isa</key>
			<string>PBXBuildFile</string>
		</dict>
	</dict>
	<key>rootObject</key>
	<string>22248C8B17DF29D300C7E97E</string>
</dict>
</plist>
